
Microsoft Visual Studio Solution File, Format Version 12.00
# Visual Studio Version 16
VisualStudioVersion = 16.0.31702.278
MinimumVisualStudioVersion = 10.0.40219.1
Project("{9A19103F-16F7-4668-BE54-9A1E7A4F7556}") = "Delegate", "Delegate.csproj", "{72907D70-B6D3-4BE6-88D7-18B2C04482C5}"
EndProject
Project("{9A19103F-16F7-4668-BE54-9A1E7A4F7556}") = "Algorithms", "..\Algorithms\Algorithms.csproj", "{FDF46A1C-4EEF-427C-97FD-6DCE2DDACF63}"
EndProject
Global
	GlobalSection(SolutionConfigurationPlatforms) = preSolution
		Debug|Any CPU = Debug|Any CPU
		Release|Any CPU = Release|Any CPU
	EndGlobalSection
	GlobalSection(ProjectConfigurationPlatforms) = postSolution
		{72907D70-B6D3-4BE6-88D7-18B2C04482C5}.Debug|Any CPU.ActiveCfg = Debug|Any CPU
		{72907D70-B6D3-4BE6-88D7-18B2C04482C5}.Debug|Any CPU.Build.0 = Debug|Any CPU
		{72907D70-B6D3-4BE6-88D7-18B2C04482C5}.Release|Any CPU.ActiveCfg = Release|Any CPU
		{72907D70-B6D3-4BE6-88D7-18B2C04482C5}.Release|Any CPU.Build.0 = Release|Any CPU
		{FDF46A1C-4EEF-427C-97FD-6DCE2DDACF63}.Debug|Any CPU.ActiveCfg = Debug|Any CPU
		{FDF46A1C-4EEF-427C-97FD-6DCE2DDACF63}.Debug|Any CPU.Build.0 = Debug|Any CPU
		{FDF46A1C-4EEF-427C-97FD-6DCE2DDACF63}.Release|Any CPU.ActiveCfg = Release|Any CPU
		{FDF46A1C-4EEF-427C-97FD-6DCE2DDACF63}.Release|Any CPU.Build.0 = Release|Any CPU
	EndGlobalSection
	GlobalSection(SolutionProperties) = preSolution
		HideSolutionNode = FALSE
	EndGlobalSection
	GlobalSection(ExtensibilityGlobals) = postSolution
		SolutionGuid = {5A26E13B-52A7-4999-8F8E-D731CF9BBDD6}
	EndGlobalSection
EndGlobal
