
Microsoft Visual Studio Solution File, Format Version 12.00
# Visual Studio Version 16
VisualStudioVersion = 16.0.31702.278
MinimumVisualStudioVersion = 10.0.40219.1
Project("{FAE04EC0-301F-11D3-BF4B-00C04F79EFBC}") = "Interface Strategy Design Pattern", "Interface Strategy Design Pattern.csproj", "{0B2CBE5B-ED73-4275-8950-2330E533232F}"
EndProject
Global
	GlobalSection(SolutionConfigurationPlatforms) = preSolution
		Debug|Any CPU = Debug|Any CPU
		Release|Any CPU = Release|Any CPU
	EndGlobalSection
	GlobalSection(ProjectConfigurationPlatforms) = postSolution
		{0B2CBE5B-ED73-4275-8950-2330E533232F}.Debug|Any CPU.ActiveCfg = Debug|Any CPU
		{0B2CBE5B-ED73-4275-8950-2330E533232F}.Debug|Any CPU.Build.0 = Debug|Any CPU
		{0B2CBE5B-ED73-4275-8950-2330E533232F}.Release|Any CPU.ActiveCfg = Release|Any CPU
		{0B2CBE5B-ED73-4275-8950-2330E533232F}.Release|Any CPU.Build.0 = Release|Any CPU
	EndGlobalSection
	GlobalSection(SolutionProperties) = preSolution
		HideSolutionNode = FALSE
	EndGlobalSection
	GlobalSection(ExtensibilityGlobals) = postSolution
		SolutionGuid = {DA1FE46A-E270-404A-BB3F-9A5C43A78196}
	EndGlobalSection
EndGlobal
