
Microsoft Visual Studio Solution File, Format Version 12.00
# Visual Studio Version 16
VisualStudioVersion = 16.0.31702.278
MinimumVisualStudioVersion = 10.0.40219.1
Project("{FAE04EC0-301F-11D3-BF4B-00C04F79EFBC}") = "Algorithms", "Algorithms.csproj", "{925B5F87-E218-4E9A-9F76-818220A54A30}"
EndProject
Global
	GlobalSection(SolutionConfigurationPlatforms) = preSolution
		Debug|Any CPU = Debug|Any CPU
		Release|Any CPU = Release|Any CPU
	EndGlobalSection
	GlobalSection(ProjectConfigurationPlatforms) = postSolution
		{925B5F87-E218-4E9A-9F76-818220A54A30}.Debug|Any CPU.ActiveCfg = Debug|Any CPU
		{925B5F87-E218-4E9A-9F76-818220A54A30}.Debug|Any CPU.Build.0 = Debug|Any CPU
		{925B5F87-E218-4E9A-9F76-818220A54A30}.Release|Any CPU.ActiveCfg = Release|Any CPU
		{925B5F87-E218-4E9A-9F76-818220A54A30}.Release|Any CPU.Build.0 = Release|Any CPU
	EndGlobalSection
	GlobalSection(SolutionProperties) = preSolution
		HideSolutionNode = FALSE
	EndGlobalSection
	GlobalSection(ExtensibilityGlobals) = postSolution
		SolutionGuid = {0FF3A508-C10D-432B-9FCA-C28E16487482}
	EndGlobalSection
EndGlobal
